
Microsoft Visual Studio Solution File, Format Version 12.00
# Visual Studio Version 17
VisualStudioVersion = 17.7.33808.371
MinimumVisualStudioVersion = 10.0.40219.1
Project("{9A19103F-16F7-4668-BE54-9A1E7A4F7556}") = "SistemaInventario", "SistemaInventario\SistemaInventario.csproj", "{BE2ABB56-8178-4022-A9EC-89EFFE3DA56A}"
EndProject
Project("{9A19103F-16F7-4668-BE54-9A1E7A4F7556}") = "SistemaInventario.AccesoDatos", "SistemaInventario.AccesoDatos\SistemaInventario.AccesoDatos.csproj", "{C1E1C36A-741A-4316-82A6-567A42A11D54}"
EndProject
Project("{9A19103F-16F7-4668-BE54-9A1E7A4F7556}") = "SistemaInventario.Modelos", "SistemaInventario.Modelos\SistemaInventario.Modelos.csproj", "{FC6D6380-7190-4E09-8F9E-8FE4846BDDA6}"
EndProject
Project("{9A19103F-16F7-4668-BE54-9A1E7A4F7556}") = "SistemaInventario.Utilidades", "SistemaInventario.Utilidades\SistemaInventario.Utilidades.csproj", "{0F26A681-733D-4617-ADB0-E3624ED18EA6}"
EndProject
Global
	GlobalSection(SolutionConfigurationPlatforms) = preSolution
		Debug|Any CPU = Debug|Any CPU
		Release|Any CPU = Release|Any CPU
	EndGlobalSection
	GlobalSection(ProjectConfigurationPlatforms) = postSolution
		{BE2ABB56-8178-4022-A9EC-89EFFE3DA56A}.Debug|Any CPU.ActiveCfg = Debug|Any CPU
		{BE2ABB56-8178-4022-A9EC-89EFFE3DA56A}.Debug|Any CPU.Build.0 = Debug|Any CPU
		{BE2ABB56-8178-4022-A9EC-89EFFE3DA56A}.Release|Any CPU.ActiveCfg = Release|Any CPU
		{BE2ABB56-8178-4022-A9EC-89EFFE3DA56A}.Release|Any CPU.Build.0 = Release|Any CPU
		{C1E1C36A-741A-4316-82A6-567A42A11D54}.Debug|Any CPU.ActiveCfg = Debug|Any CPU
		{C1E1C36A-741A-4316-82A6-567A42A11D54}.Debug|Any CPU.Build.0 = Debug|Any CPU
		{C1E1C36A-741A-4316-82A6-567A42A11D54}.Release|Any CPU.ActiveCfg = Release|Any CPU
		{C1E1C36A-741A-4316-82A6-567A42A11D54}.Release|Any CPU.Build.0 = Release|Any CPU
		{FC6D6380-7190-4E09-8F9E-8FE4846BDDA6}.Debug|Any CPU.ActiveCfg = Debug|Any CPU
		{FC6D6380-7190-4E09-8F9E-8FE4846BDDA6}.Debug|Any CPU.Build.0 = Debug|Any CPU
		{FC6D6380-7190-4E09-8F9E-8FE4846BDDA6}.Release|Any CPU.ActiveCfg = Release|Any CPU
		{FC6D6380-7190-4E09-8F9E-8FE4846BDDA6}.Release|Any CPU.Build.0 = Release|Any CPU
		{0F26A681-733D-4617-ADB0-E3624ED18EA6}.Debug|Any CPU.ActiveCfg = Debug|Any CPU
		{0F26A681-733D-4617-ADB0-E3624ED18EA6}.Debug|Any CPU.Build.0 = Debug|Any CPU
		{0F26A681-733D-4617-ADB0-E3624ED18EA6}.Release|Any CPU.ActiveCfg = Release|Any CPU
		{0F26A681-733D-4617-ADB0-E3624ED18EA6}.Release|Any CPU.Build.0 = Release|Any CPU
	EndGlobalSection
	GlobalSection(SolutionProperties) = preSolution
		HideSolutionNode = FALSE
	EndGlobalSection
	GlobalSection(ExtensibilityGlobals) = postSolution
		SolutionGuid = {9A830328-6641-44EA-B3A7-960C2AEAF858}
	EndGlobalSection
EndGlobal
